
Microsoft Visual Studio Solution File, Format Version 12.00
# Visual Studio Version 17
VisualStudioVersion = 17.3.32811.315
MinimumVisualStudioVersion = 10.0.40219.1
Project("{FAE04EC0-301F-11D3-BF4B-00C04F79EFBC}") = "SimpleToDoApp_AspNet", "SimpleToDoApp_AspNet\SimpleToDoApp_AspNet.csproj", "{D117A392-42FB-472F-B9FB-B14A4EE1113D}"
EndProject
Global
	GlobalSection(SolutionConfigurationPlatforms) = preSolution
		Debug|Any CPU = Debug|Any CPU
		Release|Any CPU = Release|Any CPU
	EndGlobalSection
	GlobalSection(ProjectConfigurationPlatforms) = postSolution
		{D117A392-42FB-472F-B9FB-B14A4EE1113D}.Debug|Any CPU.ActiveCfg = Debug|Any CPU
		{D117A392-42FB-472F-B9FB-B14A4EE1113D}.Debug|Any CPU.Build.0 = Debug|Any CPU
		{D117A392-42FB-472F-B9FB-B14A4EE1113D}.Release|Any CPU.ActiveCfg = Release|Any CPU
		{D117A392-42FB-472F-B9FB-B14A4EE1113D}.Release|Any CPU.Build.0 = Release|Any CPU
	EndGlobalSection
	GlobalSection(SolutionProperties) = preSolution
		HideSolutionNode = FALSE
	EndGlobalSection
	GlobalSection(ExtensibilityGlobals) = postSolution
		SolutionGuid = {EA554E2C-3DCD-42ED-A5AC-52D795F90C3C}
	EndGlobalSection
EndGlobal
